
Microsoft Visual Studio Solution File, Format Version 12.00
Project("{FAE04EC0-301F-11D3-BF4B-00C04F79EFBC}") = "apbd-cw1-s33211", "apbd-cw1-s33211\apbd-cw1-s33211.csproj", "{33E4C960-1E3F-478C-824F-BDF84CC10A32}"
EndProject
Global
	GlobalSection(SolutionConfigurationPlatforms) = preSolution
		Debug|Any CPU = Debug|Any CPU
		Release|Any CPU = Release|Any CPU
	EndGlobalSection
	GlobalSection(ProjectConfigurationPlatforms) = postSolution
		{33E4C960-1E3F-478C-824F-BDF84CC10A32}.Debug|Any CPU.ActiveCfg = Debug|Any CPU
		{33E4C960-1E3F-478C-824F-BDF84CC10A32}.Debug|Any CPU.Build.0 = Debug|Any CPU
		{33E4C960-1E3F-478C-824F-BDF84CC10A32}.Release|Any CPU.ActiveCfg = Release|Any CPU
		{33E4C960-1E3F-478C-824F-BDF84CC10A32}.Release|Any CPU.Build.0 = Release|Any CPU
	EndGlobalSection
EndGlobal
